// !$*UTF8*$!
{
	archiveVersion = 1;
	classes = {
	};
	objectVersion = 46;
	objects = {

/* Begin PBXBuildFile section */
		7DDDE7AC1D33462E00CB86AE /* main.m in Sources */ = {isa = PBXBuildFile; fileRef = 7DDDE7AB1D33462E00CB86AE /* main.m */; };
		7DDDE7AF1D33462E00CB86AE /* AppDelegate.m in Sources */ = {isa = PBXBuildFile; fileRef = 7DDDE7AE1D33462E00CB86AE /* AppDelegate.m */; };
		7DDDE7B21D33462E00CB86AE /* ViewController.m in Sources */ = {isa = PBXBuildFile; fileRef = 7DDDE7B11D33462E00CB86AE /* ViewController.m */; };
		7DDDE7B51D33462E00CB86AE /* Main.storyboard in Resources */ = {isa = PBXBuildFile; fileRef = 7DDDE7B31D33462E00CB86AE /* Main.storyboard */; };
		7DDDE7B71D33462E00CB86AE /* Assets.xcassets in Resources */ = {isa = PBXBuildFile; fileRef = 7DDDE7B61D33462E00CB86AE /* Assets.xcassets */; };
		7DDDE7BA1D33462E00CB86AE /* LaunchScreen.storyboard in Resources */ = {isa = PBXBuildFile; fileRef = 7DDDE7B81D33462E00CB86AE /* LaunchScreen.storyboard */; };
		7DDDE7C41D3347EA00CB86AE /* Caculator.m in Sources */ = {isa = PBXBuildFile; fileRef = 7DDDE7C31D3347EA00CB86AE /* Caculator.m */; };
/* End PBXBuildFile section */

/* Begin PBXFileReference section */
		7DDDE7A71D33462E00CB86AE /* FunctionProgramDemo.app */ = {isa = PBXFileReference; explicitFileType = wrapper.application; includeInIndex = 0; path = FunctionProgramDemo.app; sourceTree = BUILT_PRODUCTS_DIR; };
		7DDDE7AB1D33462E00CB86AE /* main.m */ = {isa = PBXFileReference; lastKnownFileType = sourcecode.c.objc; path = main.m; sourceTree = "<group>"; };
		7DDDE7AD1D33462E00CB86AE /* AppDelegate.h */ = {isa = PBXFileReference; lastKnownFileType = sourcecode.c.h; path = AppDelegate.h; sourceTree = "<group>"; };
		7DDDE7AE1D33462E00CB86AE /* AppDelegate.m */ = {isa = PBXFileReference; lastKnownFileType = sourcecode.c.objc; path = AppDelegate.m; sourceTree = "<group>"; };
		7DDDE7B01D33462E00CB86AE /* ViewController.h */ = {isa = PBXFileReference; lastKnownFileType = sourcecode.c.h; path = ViewController.h; sourceTree = "<group>"; };
		7DDDE7B11D33462E00CB86AE /* ViewController.m */ = {isa = PBXFileReference; lastKnownFileType = sourcecode.c.objc; path = ViewController.m; sourceTree = "<group>"; };
		7DDDE7B41D33462E00CB86AE /* Base */ = {isa = PBXFileReference; lastKnownFileType = file.storyboard; name = Base; path = Base.lproj/Main.storyboard; sourceTree = "<group>"; };
		7DDDE7B61D33462E00CB86AE /* Assets.xcassets */ = {isa = PBXFileReference; lastKnownFileType = folder.assetcatalog; path = Assets.xcassets; sourceTree = "<group>"; };
		7DDDE7B91D33462E00CB86AE /* Base */ = {isa = PBXFileReference; lastKnownFileType = file.storyboard; name = Base; path = Base.lproj/LaunchScreen.storyboard; sourceTree = "<group>"; };
		7DDDE7BB1D33462E00CB86AE /* Info.plist */ = {isa = PBXFileReference; lastKnownFileType = text.plist.xml; path = Info.plist; sourceTree = "<group>"; };
		7DDDE7C21D3347EA00CB86AE /* Caculator.h */ = {isa = PBXFileReference; fileEncoding = 4; lastKnownFileType = sourcecode.c.h; path = Caculator.h; sourceTree = "<group>"; };
		7DDDE7C31D3347EA00CB86AE /* Caculator.m */ = {isa = PBXFileReference; fileEncoding = 4; lastKnownFileType = sourcecode.c.objc; path = Caculator.m; sourceTree = "<group>"; };
/* End PBXFileReference section */

/* Begin PBXFrameworksBuildPhase section */
		7DDDE7A41D33462E00CB86AE /* Frameworks */ = {
			isa = PBXFrameworksBuildPhase;
			buildActionMask = 2147483647;
			files = (
			);
			runOnlyForDeploymentPostprocessing = 0;
		};
/* End PBXFrameworksBuildPhase section */

/* Begin PBXGroup section */
		7DDDE79E1D33462E00CB86AE = {
			isa = PBXGroup;
			children = (
				7DDDE7A91D33462E00CB86AE /* FunctionProgramDemo */,
				7DDDE7A81D33462E00CB86AE /* Products */,
			);
			sourceTree = "<group>";
		};
		7DDDE7A81D33462E00CB86AE /* Products */ = {
			isa = PBXGroup;
			children = (
				7DDDE7A71D33462E00CB86AE /* FunctionProgramDemo.app */,
			);
			name = Products;
			sourceTree = "<group>";
		};
		7DDDE7A91D33462E00CB86AE /* FunctionProgramDemo */ = {
			isa = PBXGroup;
			children = (
				7DDDE7C11D3347B000CB86AE /* Caculator */,
				7DDDE7AD1D33462E00CB86AE /* AppDelegate.h */,
				7DDDE7AE1D33462E00CB86AE /* AppDelegate.m */,
				7DDDE7B01D33462E00CB86AE /* ViewController.h */,
				7DDDE7B11D33462E00CB86AE /* ViewController.m */,
				7DDDE7B31D33462E00CB86AE /* Main.storyboard */,
				7DDDE7B61D33462E00CB86AE /* Assets.xcassets */,
				7DDDE7B81D33462E00CB86AE /* LaunchScreen.storyboard */,
				7DDDE7BB1D33462E00CB86AE /* Info.plist */,
				7DDDE7AA1D33462E00CB86AE /* Supporting Files */,
			);
			path = FunctionProgramDemo;
			sourceTree = "<group>";
		};
		7DDDE7AA1D33462E00CB86AE /* Supporting Files */ = {
			isa = PBXGroup;
			children = (
				7DDDE7AB1D33462E00CB86AE /* main.m */,
			);
			name = "Supporting Files";
			sourceTree = "<group>";
		};
		7DDDE7C11D3347B000CB86AE /* Caculator */ = {
			isa = PBXGroup;
			children = (
				7DDDE7C21D3347EA00CB86AE /* Caculator.h */,
				7DDDE7C31D3347EA00CB86AE /* Caculator.m */,
			);
			path = Caculator;
			sourceTree = "<group>";
		};
/* End PBXGroup section */

/* Begin PBXNativeTarget section */
		7DDDE7A61D33462E00CB86AE /* FunctionProgramDemo */ = {
			isa = PBXNativeTarget;
			buildConfigurationList = 7DDDE7BE1D33462E00CB86AE /* Build configuration list for PBXNativeTarget "FunctionProgramDemo" */;
			buildPhases = (
				7DDDE7A31D33462E00CB86AE /* Sources */,
				7DDDE7A41D33462E00CB86AE /* Frameworks */,
				7DDDE7A51D33462E00CB86AE /* Resources */,
			);
			buildRules = (
			);
			dependencies = (
			);
			name = FunctionProgramDemo;
			productName = FunctionProgramDemo;
			productReference = 7DDDE7A71D33462E00CB86AE /* FunctionProgramDemo.app */;
			productType = "com.apple.product-type.application";
		};
/* End PBXNativeTarget section */

/* Begin PBXProject section */
		7DDDE79F1D33462E00CB86AE /* Project object */ = {
			isa = PBXProject;
			attributes = {
				LastUpgradeCheck = 0730;
				ORGANIZATIONNAME = fanstudio;
				TargetAttributes = {
					7DDDE7A61D33462E00CB86AE = {
						CreatedOnToolsVersion = 7.3.1;
					};
				};
			};
			buildConfigurationList = 7DDDE7A21D33462E00CB86AE /* Build configuration list for PBXProject "FunctionProgramDemo" */;
			compatibilityVersion = "Xcode 3.2";
			developmentRegion = English;
			hasScannedForEncodings = 0;
			knownRegions = (
				en,
				Base,
			);
			mainGroup = 7DDDE79E1D33462E00CB86AE;
			productRefGroup = 7DDDE7A81D33462E00CB86AE /* Products */;
			projectDirPath = "";
			projectRoot = "";
			targets = (
				7DDDE7A61D33462E00CB86AE /* FunctionProgramDemo */,
			);
		};
/* End PBXProject section */

/* Begin PBXResourcesBuildPhase section */
		7DDDE7A51D33462E00CB86AE /* Resources */ = {
			isa = PBXResourcesBuildPhase;
			buildActionMask = 2147483647;
			files = (
				7DDDE7BA1D33462E00CB86AE /* LaunchScreen.storyboard in Resources */,
				7DDDE7B71D33462E00CB86AE /* Assets.xcassets in Resources */,
				7DDDE7B51D33462E00CB86AE /* Main.storyboard in Resources */,
			);
			runOnlyForDeploymentPostprocessing = 0;
		};
/* End PBXResourcesBuildPhase section */

/* Begin PBXSourcesBuildPhase section */
		7DDDE7A31D33462E00CB86AE /* Sources */ = {
			isa = PBXSourcesBuildPhase;
			buildActionMask = 2147483647;
			files = (
				7DDDE7C41D3347EA00CB86AE /* Caculator.m in Sources */,
				7DDDE7B21D33462E00CB86AE /* ViewController.m in Sources */,
				7DDDE7AF1D33462E00CB86AE /* AppDelegate.m in Sources */,
				7DDDE7AC1D33462E00CB86AE /* main.m in Sources */,
			);
			runOnlyForDeploymentPostprocessing = 0;
		};
/* End PBXSourcesBuildPhase section */

/* Begin PBXVariantGroup section */
		7DDDE7B31D33462E00CB86AE /* Main.storyboard */ = {
			isa = PBXVariantGroup;
			children = (
				7DDDE7B41D33462E00CB86AE /* Base */,
			);
			name = Main.storyboard;
			sourceTree = "<group>";
		};
		7DDDE7B81D33462E00CB86AE /* LaunchScreen.storyboard */ = {
			isa = PBXVariantGroup;
			children = (
				7DDDE7B91D33462E00CB86AE /* Base */,
			);
			name = LaunchScreen.storyboard;
			sourceTree = "<group>";
		};
/* End PBXVariantGroup section */

/* Begin XCBuildConfiguration section */
		7DDDE7BC1D33462E00CB86AE /* Debug */ = {
			isa = XCBuildConfiguration;
			buildSettings = {
				ALWAYS_SEARCH_USER_PATHS = NO;
				CLANG_ANALYZER_NONNULL = YES;
				CLANG_CXX_LANGUAGE_STANDARD = "gnu++0x";
				CLANG_CXX_LIBRARY = "libc++";
				CLANG_ENABLE_MODULES = YES;
				CLANG_ENABLE_OBJC_ARC = YES;
				CLANG_WARN_BOOL_CONVERSION = YES;
				CLANG_WARN_CONSTANT_CONVERSION = YES;
				CLANG_WARN_DIRECT_OBJC_ISA_USAGE = YES_ERROR;
				CLANG_WARN_EMPTY_BODY = YES;
				CLANG_WARN_ENUM_CONVERSION = YES;
				CLANG_WARN_INT_CONVERSION = YES;
				CLANG_WARN_OBJC_ROOT_CLASS = YES_ERROR;
				CLANG_WARN_UNREACHABLE_CODE = YES;
				CLANG_WARN__DUPLICATE_METHOD_MATCH = YES;
				"CODE_SIGN_IDENTITY[sdk=iphoneos*]" = "iPhone Developer";
				COPY_PHASE_STRIP = NO;
				DEBUG_INFORMATION_FORMAT = dwarf;
				ENABLE_STRICT_OBJC_MSGSEND = YES;
				ENABLE_TESTABILITY = YES;
				GCC_C_LANGUAGE_STANDARD = gnu99;
				GCC_DYNAMIC_NO_PIC = NO;
				GCC_NO_COMMON_BLOCKS = YES;
				GCC_OPTIMIZATION_LEVEL = 0;
				GCC_PREPROCESSOR_DEFINITIONS = (
					"DEBUG=1",
					"$(inherited)",
				);
				GCC_WARN_64_TO_32_BIT_CONVERSION = YES;
				GCC_WARN_ABOUT_RETURN_TYPE = YES_ERROR;
				GCC_WARN_UNDECLARED_SELECTOR = YES;
				GCC_WARN_UNINITIALIZED_AUTOS = YES_AGGRESSIVE;
				GCC_WARN_UNUSED_FUNCTION = YES;
				GCC_WARN_UNUSED_VARIABLE = YES;
				IPHONEOS_DEPLOYMENT_TARGET = 9.3;
				MTL_ENABLE_DEBUG_INFO = YES;
				ONLY_ACTIVE_ARCH = YES;
				SDKROOT = iphoneos;
			};
			name = Debug;
		};
		7DDDE7BD1D33462E00CB86AE /* Release */ = {
			isa = XCBuildConfiguration;
			buildSettings = {
				ALWAYS_SEARCH_USER_PATHS = NO;
				CLANG_ANALYZER_NONNULL = YES;
				CLANG_CXX_LANGUAGE_STANDARD = "gnu++0x";
				CLANG_CXX_LIBRARY = "libc++";
				CLANG_ENABLE_MODULES = YES;
				CLANG_ENABLE_OBJC_ARC = YES;
				CLANG_WARN_BOOL_CONVERSION = YES;
				CLANG_WARN_CONSTANT_CONVERSION = YES;
				CLANG_WARN_DIRECT_OBJC_ISA_USAGE = YES_ERROR;
				CLANG_WARN_EMPTY_BODY = YES;
				CLANG_WARN_ENUM_CONVERSION = YES;
				CLANG_WARN_INT_CONVERSION = YES;
				CLANG_WARN_OBJC_ROOT_CLASS = YES_ERROR;
				CLANG_WARN_UNREACHABLE_CODE = YES;
				CLANG_WARN__DUPLICATE_METHOD_MATCH = YES;
				"CODE_SIGN_IDENTITY[sdk=iphoneos*]" = "iPhone Developer";
				COPY_PHASE_STRIP = NO;
				DEBUG_INFORMATION_FORMAT = "dwarf-with-dsym";
				ENABLE_NS_ASSERTIONS = NO;
				ENABLE_STRICT_OBJC_MSGSEND = YES;
				GCC_C_LANGUAGE_STANDARD = gnu99;
				GCC_NO_COMMON_BLOCKS = YES;
				GCC_WARN_64_TO_32_BIT_CONVERSION = YES;
				GCC_WARN_ABOUT_RETURN_TYPE = YES_ERROR;
				GCC_WARN_UNDECLARED_SELECTOR = YES;
				GCC_WARN_UNINITIALIZED_AUTOS = YES_AGGRESSIVE;
				GCC_WARN_UNUSED_FUNCTION = YES;
				GCC_WARN_UNUSED_VARIABLE = YES;
				IPHONEOS_DEPLOYMENT_TARGET = 9.3;
				MTL_ENABLE_DEBUG_INFO = NO;
				SDKROOT = iphoneos;
				VALIDATE_PRODUCT = YES;
			};
			name = Release;
		};
		7DDDE7BF1D33462E00CB86AE /* Debug */ = {
			isa = XCBuildConfiguration;
			buildSettings = {
				ASSETCATALOG_COMPILER_APPICON_NAME = AppIcon;
				INFOPLIST_FILE = FunctionProgramDemo/Info.plist;
				LD_RUNPATH_SEARCH_PATHS = "$(inherited) @executable_path/Frameworks";
				PRODUCT_BUNDLE_IDENTIFIER = cn.fanstudio.FunctionProgramDemo;
				PRODUCT_NAME = "$(TARGET_NAME)";
			};
			name = Debug;
		};
		7DDDE7C01D33462E00CB86AE /* Release */ = {
			isa = XCBuildConfiguration;
			buildSettings = {
				ASSETCATALOG_COMPILER_APPICON_NAME = AppIcon;
				INFOPLIST_FILE = FunctionProgramDemo/Info.plist;
				LD_RUNPATH_SEARCH_PATHS = "$(inherited) @executable_path/Frameworks";
				PRODUCT_BUNDLE_IDENTIFIER = cn.fanstudio.FunctionProgramDemo;
				PRODUCT_NAME = "$(TARGET_NAME)";
			};
			name = Release;
		};
/* End XCBuildConfiguration section */

/* Begin XCConfigurationList section */
		7DDDE7A21D33462E00CB86AE /* Build configuration list for PBXProject "FunctionProgramDemo" */ = {
			isa = XCConfigurationList;
			buildConfigurations = (
				7DDDE7BC1D33462E00CB86AE /* Debug */,
				7DDDE7BD1D33462E00CB86AE /* Release */,
			);
			defaultConfigurationIsVisible = 0;
			defaultConfigurationName = Release;
		};
		7DDDE7BE1D33462E00CB86AE /* Build configuration list for PBXNativeTarget "FunctionProgramDemo" */ = {
			isa = XCConfigurationList;
			buildConfigurations = (
				7DDDE7BF1D33462E00CB86AE /* Debug */,
				7DDDE7C01D33462E00CB86AE /* Release */,
			);
			defaultConfigurationIsVisible = 0;
		};
/* End XCConfigurationList section */
	};
	rootObject = 7DDDE79F1D33462E00CB86AE /* Project object */;
}
