// !$*UTF8*$!
{
	archiveVersion = 1;
	classes = {
	};
	objectVersion = 46;
	objects = {

/* Begin PBXBuildFile section */
		7D84AC011D3497AE0027BB96 /* main.m in Sources */ = {isa = PBXBuildFile; fileRef = 7D84AC001D3497AE0027BB96 /* main.m */; };
		7D84AC041D3497AE0027BB96 /* AppDelegate.m in Sources */ = {isa = PBXBuildFile; fileRef = 7D84AC031D3497AE0027BB96 /* AppDelegate.m */; };
		7D84AC071D3497AE0027BB96 /* ViewController.m in Sources */ = {isa = PBXBuildFile; fileRef = 7D84AC061D3497AE0027BB96 /* ViewController.m */; };
		7D84AC0A1D3497AE0027BB96 /* Main.storyboard in Resources */ = {isa = PBXBuildFile; fileRef = 7D84AC081D3497AE0027BB96 /* Main.storyboard */; };
		7D84AC0C1D3497AE0027BB96 /* Assets.xcassets in Resources */ = {isa = PBXBuildFile; fileRef = 7D84AC0B1D3497AE0027BB96 /* Assets.xcassets */; };
		7D84AC0F1D3497AE0027BB96 /* LaunchScreen.storyboard in Resources */ = {isa = PBXBuildFile; fileRef = 7D84AC0D1D3497AE0027BB96 /* LaunchScreen.storyboard */; };
/* End PBXBuildFile section */

/* Begin PBXFileReference section */
		7D84ABFC1D3497AE0027BB96 /* RunLoopAndTimer.app */ = {isa = PBXFileReference; explicitFileType = wrapper.application; includeInIndex = 0; path = RunLoopAndTimer.app; sourceTree = BUILT_PRODUCTS_DIR; };
		7D84AC001D3497AE0027BB96 /* main.m */ = {isa = PBXFileReference; lastKnownFileType = sourcecode.c.objc; path = main.m; sourceTree = "<group>"; };
		7D84AC021D3497AE0027BB96 /* AppDelegate.h */ = {isa = PBXFileReference; lastKnownFileType = sourcecode.c.h; path = AppDelegate.h; sourceTree = "<group>"; };
		7D84AC031D3497AE0027BB96 /* AppDelegate.m */ = {isa = PBXFileReference; lastKnownFileType = sourcecode.c.objc; path = AppDelegate.m; sourceTree = "<group>"; };
		7D84AC051D3497AE0027BB96 /* ViewController.h */ = {isa = PBXFileReference; lastKnownFileType = sourcecode.c.h; path = ViewController.h; sourceTree = "<group>"; };
		7D84AC061D3497AE0027BB96 /* ViewController.m */ = {isa = PBXFileReference; lastKnownFileType = sourcecode.c.objc; path = ViewController.m; sourceTree = "<group>"; };
		7D84AC091D3497AE0027BB96 /* Base */ = {isa = PBXFileReference; lastKnownFileType = file.storyboard; name = Base; path = Base.lproj/Main.storyboard; sourceTree = "<group>"; };
		7D84AC0B1D3497AE0027BB96 /* Assets.xcassets */ = {isa = PBXFileReference; lastKnownFileType = folder.assetcatalog; path = Assets.xcassets; sourceTree = "<group>"; };
		7D84AC0E1D3497AE0027BB96 /* Base */ = {isa = PBXFileReference; lastKnownFileType = file.storyboard; name = Base; path = Base.lproj/LaunchScreen.storyboard; sourceTree = "<group>"; };
		7D84AC101D3497AE0027BB96 /* Info.plist */ = {isa = PBXFileReference; lastKnownFileType = text.plist.xml; path = Info.plist; sourceTree = "<group>"; };
/* End PBXFileReference section */

/* Begin PBXFrameworksBuildPhase section */
		7D84ABF91D3497AE0027BB96 /* Frameworks */ = {
			isa = PBXFrameworksBuildPhase;
			buildActionMask = 2147483647;
			files = (
			);
			runOnlyForDeploymentPostprocessing = 0;
		};
/* End PBXFrameworksBuildPhase section */

/* Begin PBXGroup section */
		7D84ABF31D3497AE0027BB96 = {
			isa = PBXGroup;
			children = (
				7D84ABFE1D3497AE0027BB96 /* RunLoopAndTimer */,
				7D84ABFD1D3497AE0027BB96 /* Products */,
			);
			sourceTree = "<group>";
		};
		7D84ABFD1D3497AE0027BB96 /* Products */ = {
			isa = PBXGroup;
			children = (
				7D84ABFC1D3497AE0027BB96 /* RunLoopAndTimer.app */,
			);
			name = Products;
			sourceTree = "<group>";
		};
		7D84ABFE1D3497AE0027BB96 /* RunLoopAndTimer */ = {
			isa = PBXGroup;
			children = (
				7D84AC021D3497AE0027BB96 /* AppDelegate.h */,
				7D84AC031D3497AE0027BB96 /* AppDelegate.m */,
				7D84AC051D3497AE0027BB96 /* ViewController.h */,
				7D84AC061D3497AE0027BB96 /* ViewController.m */,
				7D84AC081D3497AE0027BB96 /* Main.storyboard */,
				7D84AC0B1D3497AE0027BB96 /* Assets.xcassets */,
				7D84AC0D1D3497AE0027BB96 /* LaunchScreen.storyboard */,
				7D84AC101D3497AE0027BB96 /* Info.plist */,
				7D84ABFF1D3497AE0027BB96 /* Supporting Files */,
			);
			path = RunLoopAndTimer;
			sourceTree = "<group>";
		};
		7D84ABFF1D3497AE0027BB96 /* Supporting Files */ = {
			isa = PBXGroup;
			children = (
				7D84AC001D3497AE0027BB96 /* main.m */,
			);
			name = "Supporting Files";
			sourceTree = "<group>";
		};
/* End PBXGroup section */

/* Begin PBXNativeTarget section */
		7D84ABFB1D3497AE0027BB96 /* RunLoopAndTimer */ = {
			isa = PBXNativeTarget;
			buildConfigurationList = 7D84AC131D3497AE0027BB96 /* Build configuration list for PBXNativeTarget "RunLoopAndTimer" */;
			buildPhases = (
				7D84ABF81D3497AE0027BB96 /* Sources */,
				7D84ABF91D3497AE0027BB96 /* Frameworks */,
				7D84ABFA1D3497AE0027BB96 /* Resources */,
			);
			buildRules = (
			);
			dependencies = (
			);
			name = RunLoopAndTimer;
			productName = RunLoopAndTimer;
			productReference = 7D84ABFC1D3497AE0027BB96 /* RunLoopAndTimer.app */;
			productType = "com.apple.product-type.application";
		};
/* End PBXNativeTarget section */

/* Begin PBXProject section */
		7D84ABF41D3497AE0027BB96 /* Project object */ = {
			isa = PBXProject;
			attributes = {
				LastUpgradeCheck = 0730;
				ORGANIZATIONNAME = fanstudio;
				TargetAttributes = {
					7D84ABFB1D3497AE0027BB96 = {
						CreatedOnToolsVersion = 7.3.1;
					};
				};
			};
			buildConfigurationList = 7D84ABF71D3497AE0027BB96 /* Build configuration list for PBXProject "RunLoopAndTimer" */;
			compatibilityVersion = "Xcode 3.2";
			developmentRegion = English;
			hasScannedForEncodings = 0;
			knownRegions = (
				en,
				Base,
			);
			mainGroup = 7D84ABF31D3497AE0027BB96;
			productRefGroup = 7D84ABFD1D3497AE0027BB96 /* Products */;
			projectDirPath = "";
			projectRoot = "";
			targets = (
				7D84ABFB1D3497AE0027BB96 /* RunLoopAndTimer */,
			);
		};
/* End PBXProject section */

/* Begin PBXResourcesBuildPhase section */
		7D84ABFA1D3497AE0027BB96 /* Resources */ = {
			isa = PBXResourcesBuildPhase;
			buildActionMask = 2147483647;
			files = (
				7D84AC0F1D3497AE0027BB96 /* LaunchScreen.storyboard in Resources */,
				7D84AC0C1D3497AE0027BB96 /* Assets.xcassets in Resources */,
				7D84AC0A1D3497AE0027BB96 /* Main.storyboard in Resources */,
			);
			runOnlyForDeploymentPostprocessing = 0;
		};
/* End PBXResourcesBuildPhase section */

/* Begin PBXSourcesBuildPhase section */
		7D84ABF81D3497AE0027BB96 /* Sources */ = {
			isa = PBXSourcesBuildPhase;
			buildActionMask = 2147483647;
			files = (
				7D84AC071D3497AE0027BB96 /* ViewController.m in Sources */,
				7D84AC041D3497AE0027BB96 /* AppDelegate.m in Sources */,
				7D84AC011D3497AE0027BB96 /* main.m in Sources */,
			);
			runOnlyForDeploymentPostprocessing = 0;
		};
/* End PBXSourcesBuildPhase section */

/* Begin PBXVariantGroup section */
		7D84AC081D3497AE0027BB96 /* Main.storyboard */ = {
			isa = PBXVariantGroup;
			children = (
				7D84AC091D3497AE0027BB96 /* Base */,
			);
			name = Main.storyboard;
			sourceTree = "<group>";
		};
		7D84AC0D1D3497AE0027BB96 /* LaunchScreen.storyboard */ = {
			isa = PBXVariantGroup;
			children = (
				7D84AC0E1D3497AE0027BB96 /* Base */,
			);
			name = LaunchScreen.storyboard;
			sourceTree = "<group>";
		};
/* End PBXVariantGroup section */

/* Begin XCBuildConfiguration section */
		7D84AC111D3497AE0027BB96 /* Debug */ = {
			isa = XCBuildConfiguration;
			buildSettings = {
				ALWAYS_SEARCH_USER_PATHS = NO;
				CLANG_ANALYZER_NONNULL = YES;
				CLANG_CXX_LANGUAGE_STANDARD = "gnu++0x";
				CLANG_CXX_LIBRARY = "libc++";
				CLANG_ENABLE_MODULES = YES;
				CLANG_ENABLE_OBJC_ARC = YES;
				CLANG_WARN_BOOL_CONVERSION = YES;
				CLANG_WARN_CONSTANT_CONVERSION = YES;
				CLANG_WARN_DIRECT_OBJC_ISA_USAGE = YES_ERROR;
				CLANG_WARN_EMPTY_BODY = YES;
				CLANG_WARN_ENUM_CONVERSION = YES;
				CLANG_WARN_INT_CONVERSION = YES;
				CLANG_WARN_OBJC_ROOT_CLASS = YES_ERROR;
				CLANG_WARN_UNREACHABLE_CODE = YES;
				CLANG_WARN__DUPLICATE_METHOD_MATCH = YES;
				"CODE_SIGN_IDENTITY[sdk=iphoneos*]" = "iPhone Developer";
				COPY_PHASE_STRIP = NO;
				DEBUG_INFORMATION_FORMAT = dwarf;
				ENABLE_STRICT_OBJC_MSGSEND = YES;
				ENABLE_TESTABILITY = YES;
				GCC_C_LANGUAGE_STANDARD = gnu99;
				GCC_DYNAMIC_NO_PIC = NO;
				GCC_NO_COMMON_BLOCKS = YES;
				GCC_OPTIMIZATION_LEVEL = 0;
				GCC_PREPROCESSOR_DEFINITIONS = (
					"DEBUG=1",
					"$(inherited)",
				);
				GCC_WARN_64_TO_32_BIT_CONVERSION = YES;
				GCC_WARN_ABOUT_RETURN_TYPE = YES_ERROR;
				GCC_WARN_UNDECLARED_SELECTOR = YES;
				GCC_WARN_UNINITIALIZED_AUTOS = YES_AGGRESSIVE;
				GCC_WARN_UNUSED_FUNCTION = YES;
				GCC_WARN_UNUSED_VARIABLE = YES;
				IPHONEOS_DEPLOYMENT_TARGET = 9.3;
				MTL_ENABLE_DEBUG_INFO = YES;
				ONLY_ACTIVE_ARCH = YES;
				SDKROOT = iphoneos;
			};
			name = Debug;
		};
		7D84AC121D3497AE0027BB96 /* Release */ = {
			isa = XCBuildConfiguration;
			buildSettings = {
				ALWAYS_SEARCH_USER_PATHS = NO;
				CLANG_ANALYZER_NONNULL = YES;
				CLANG_CXX_LANGUAGE_STANDARD = "gnu++0x";
				CLANG_CXX_LIBRARY = "libc++";
				CLANG_ENABLE_MODULES = YES;
				CLANG_ENABLE_OBJC_ARC = YES;
				CLANG_WARN_BOOL_CONVERSION = YES;
				CLANG_WARN_CONSTANT_CONVERSION = YES;
				CLANG_WARN_DIRECT_OBJC_ISA_USAGE = YES_ERROR;
				CLANG_WARN_EMPTY_BODY = YES;
				CLANG_WARN_ENUM_CONVERSION = YES;
				CLANG_WARN_INT_CONVERSION = YES;
				CLANG_WARN_OBJC_ROOT_CLASS = YES_ERROR;
				CLANG_WARN_UNREACHABLE_CODE = YES;
				CLANG_WARN__DUPLICATE_METHOD_MATCH = YES;
				"CODE_SIGN_IDENTITY[sdk=iphoneos*]" = "iPhone Developer";
				COPY_PHASE_STRIP = NO;
				DEBUG_INFORMATION_FORMAT = "dwarf-with-dsym";
				ENABLE_NS_ASSERTIONS = NO;
				ENABLE_STRICT_OBJC_MSGSEND = YES;
				GCC_C_LANGUAGE_STANDARD = gnu99;
				GCC_NO_COMMON_BLOCKS = YES;
				GCC_WARN_64_TO_32_BIT_CONVERSION = YES;
				GCC_WARN_ABOUT_RETURN_TYPE = YES_ERROR;
				GCC_WARN_UNDECLARED_SELECTOR = YES;
				GCC_WARN_UNINITIALIZED_AUTOS = YES_AGGRESSIVE;
				GCC_WARN_UNUSED_FUNCTION = YES;
				GCC_WARN_UNUSED_VARIABLE = YES;
				IPHONEOS_DEPLOYMENT_TARGET = 9.3;
				MTL_ENABLE_DEBUG_INFO = NO;
				SDKROOT = iphoneos;
				VALIDATE_PRODUCT = YES;
			};
			name = Release;
		};
		7D84AC141D3497AE0027BB96 /* Debug */ = {
			isa = XCBuildConfiguration;
			buildSettings = {
				ASSETCATALOG_COMPILER_APPICON_NAME = AppIcon;
				INFOPLIST_FILE = RunLoopAndTimer/Info.plist;
				LD_RUNPATH_SEARCH_PATHS = "$(inherited) @executable_path/Frameworks";
				PRODUCT_BUNDLE_IDENTIFIER = cn.fanstudio.RunLoopAndTimer;
				PRODUCT_NAME = "$(TARGET_NAME)";
			};
			name = Debug;
		};
		7D84AC151D3497AE0027BB96 /* Release */ = {
			isa = XCBuildConfiguration;
			buildSettings = {
				ASSETCATALOG_COMPILER_APPICON_NAME = AppIcon;
				INFOPLIST_FILE = RunLoopAndTimer/Info.plist;
				LD_RUNPATH_SEARCH_PATHS = "$(inherited) @executable_path/Frameworks";
				PRODUCT_BUNDLE_IDENTIFIER = cn.fanstudio.RunLoopAndTimer;
				PRODUCT_NAME = "$(TARGET_NAME)";
			};
			name = Release;
		};
/* End XCBuildConfiguration section */

/* Begin XCConfigurationList section */
		7D84ABF71D3497AE0027BB96 /* Build configuration list for PBXProject "RunLoopAndTimer" */ = {
			isa = XCConfigurationList;
			buildConfigurations = (
				7D84AC111D3497AE0027BB96 /* Debug */,
				7D84AC121D3497AE0027BB96 /* Release */,
			);
			defaultConfigurationIsVisible = 0;
			defaultConfigurationName = Release;
		};
		7D84AC131D3497AE0027BB96 /* Build configuration list for PBXNativeTarget "RunLoopAndTimer" */ = {
			isa = XCConfigurationList;
			buildConfigurations = (
				7D84AC141D3497AE0027BB96 /* Debug */,
				7D84AC151D3497AE0027BB96 /* Release */,
			);
			defaultConfigurationIsVisible = 0;
		};
/* End XCConfigurationList section */
	};
	rootObject = 7D84ABF41D3497AE0027BB96 /* Project object */;
}
