// !$*UTF8*$!
{
	archiveVersion = 1;
	classes = {
	};
	objectVersion = 46;
	objects = {

/* Begin PBXBuildFile section */
		7DF9B7A11D48D62700A7CECD /* main.m in Sources */ = {isa = PBXBuildFile; fileRef = 7DF9B7A01D48D62700A7CECD /* main.m */; };
		7DF9B7A41D48D62700A7CECD /* AppDelegate.m in Sources */ = {isa = PBXBuildFile; fileRef = 7DF9B7A31D48D62700A7CECD /* AppDelegate.m */; };
		7DF9B7A71D48D62700A7CECD /* ViewController.m in Sources */ = {isa = PBXBuildFile; fileRef = 7DF9B7A61D48D62700A7CECD /* ViewController.m */; };
		7DF9B7AA1D48D62700A7CECD /* Main.storyboard in Resources */ = {isa = PBXBuildFile; fileRef = 7DF9B7A81D48D62700A7CECD /* Main.storyboard */; };
		7DF9B7AC1D48D62800A7CECD /* Assets.xcassets in Resources */ = {isa = PBXBuildFile; fileRef = 7DF9B7AB1D48D62800A7CECD /* Assets.xcassets */; };
		7DF9B7AF1D48D62800A7CECD /* LaunchScreen.storyboard in Resources */ = {isa = PBXBuildFile; fileRef = 7DF9B7AD1D48D62800A7CECD /* LaunchScreen.storyboard */; };
		7DF9B7BB1D48D68500A7CECD /* Person.m in Sources */ = {isa = PBXBuildFile; fileRef = 7DF9B7B81D48D68500A7CECD /* Person.m */; };
		7DF9B7BC1D48D68500A7CECD /* Student.m in Sources */ = {isa = PBXBuildFile; fileRef = 7DF9B7BA1D48D68500A7CECD /* Student.m */; };
		7DF9B7C11D48D6A000A7CECD /* MsgSend.m in Sources */ = {isa = PBXBuildFile; fileRef = 7DF9B7BE1D48D6A000A7CECD /* MsgSend.m */; };
		7DF9B7C21D48D6A000A7CECD /* UIImage+extension.m in Sources */ = {isa = PBXBuildFile; fileRef = 7DF9B7C01D48D6A000A7CECD /* UIImage+extension.m */; };
		7DF9B7C51D48EA1F00A7CECD /* NSObject+extension.m in Sources */ = {isa = PBXBuildFile; fileRef = 7DF9B7C41D48EA1F00A7CECD /* NSObject+extension.m */; };
/* End PBXBuildFile section */

/* Begin PBXFileReference section */
		7DF9B79C1D48D62700A7CECD /* runtimeDemo.app */ = {isa = PBXFileReference; explicitFileType = wrapper.application; includeInIndex = 0; path = runtimeDemo.app; sourceTree = BUILT_PRODUCTS_DIR; };
		7DF9B7A01D48D62700A7CECD /* main.m */ = {isa = PBXFileReference; lastKnownFileType = sourcecode.c.objc; path = main.m; sourceTree = "<group>"; };
		7DF9B7A21D48D62700A7CECD /* AppDelegate.h */ = {isa = PBXFileReference; lastKnownFileType = sourcecode.c.h; path = AppDelegate.h; sourceTree = "<group>"; };
		7DF9B7A31D48D62700A7CECD /* AppDelegate.m */ = {isa = PBXFileReference; lastKnownFileType = sourcecode.c.objc; path = AppDelegate.m; sourceTree = "<group>"; };
		7DF9B7A51D48D62700A7CECD /* ViewController.h */ = {isa = PBXFileReference; lastKnownFileType = sourcecode.c.h; path = ViewController.h; sourceTree = "<group>"; };
		7DF9B7A61D48D62700A7CECD /* ViewController.m */ = {isa = PBXFileReference; lastKnownFileType = sourcecode.c.objc; path = ViewController.m; sourceTree = "<group>"; };
		7DF9B7A91D48D62700A7CECD /* Base */ = {isa = PBXFileReference; lastKnownFileType = file.storyboard; name = Base; path = Base.lproj/Main.storyboard; sourceTree = "<group>"; };
		7DF9B7AB1D48D62800A7CECD /* Assets.xcassets */ = {isa = PBXFileReference; lastKnownFileType = folder.assetcatalog; path = Assets.xcassets; sourceTree = "<group>"; };
		7DF9B7AE1D48D62800A7CECD /* Base */ = {isa = PBXFileReference; lastKnownFileType = file.storyboard; name = Base; path = Base.lproj/LaunchScreen.storyboard; sourceTree = "<group>"; };
		7DF9B7B01D48D62800A7CECD /* Info.plist */ = {isa = PBXFileReference; lastKnownFileType = text.plist.xml; path = Info.plist; sourceTree = "<group>"; };
		7DF9B7B71D48D68500A7CECD /* Person.h */ = {isa = PBXFileReference; fileEncoding = 4; lastKnownFileType = sourcecode.c.h; path = Person.h; sourceTree = "<group>"; };
		7DF9B7B81D48D68500A7CECD /* Person.m */ = {isa = PBXFileReference; fileEncoding = 4; lastKnownFileType = sourcecode.c.objc; path = Person.m; sourceTree = "<group>"; };
		7DF9B7B91D48D68500A7CECD /* Student.h */ = {isa = PBXFileReference; fileEncoding = 4; lastKnownFileType = sourcecode.c.h; path = Student.h; sourceTree = "<group>"; };
		7DF9B7BA1D48D68500A7CECD /* Student.m */ = {isa = PBXFileReference; fileEncoding = 4; lastKnownFileType = sourcecode.c.objc; path = Student.m; sourceTree = "<group>"; };
		7DF9B7BD1D48D6A000A7CECD /* MsgSend.h */ = {isa = PBXFileReference; fileEncoding = 4; lastKnownFileType = sourcecode.c.h; path = MsgSend.h; sourceTree = "<group>"; };
		7DF9B7BE1D48D6A000A7CECD /* MsgSend.m */ = {isa = PBXFileReference; fileEncoding = 4; lastKnownFileType = sourcecode.c.objc; path = MsgSend.m; sourceTree = "<group>"; };
		7DF9B7BF1D48D6A000A7CECD /* UIImage+extension.h */ = {isa = PBXFileReference; fileEncoding = 4; lastKnownFileType = sourcecode.c.h; path = "UIImage+extension.h"; sourceTree = "<group>"; };
		7DF9B7C01D48D6A000A7CECD /* UIImage+extension.m */ = {isa = PBXFileReference; fileEncoding = 4; lastKnownFileType = sourcecode.c.objc; path = "UIImage+extension.m"; sourceTree = "<group>"; };
		7DF9B7C31D48EA1F00A7CECD /* NSObject+extension.h */ = {isa = PBXFileReference; fileEncoding = 4; lastKnownFileType = sourcecode.c.h; path = "NSObject+extension.h"; sourceTree = "<group>"; };
		7DF9B7C41D48EA1F00A7CECD /* NSObject+extension.m */ = {isa = PBXFileReference; fileEncoding = 4; lastKnownFileType = sourcecode.c.objc; path = "NSObject+extension.m"; sourceTree = "<group>"; };
/* End PBXFileReference section */

/* Begin PBXFrameworksBuildPhase section */
		7DF9B7991D48D62700A7CECD /* Frameworks */ = {
			isa = PBXFrameworksBuildPhase;
			buildActionMask = 2147483647;
			files = (
			);
			runOnlyForDeploymentPostprocessing = 0;
		};
/* End PBXFrameworksBuildPhase section */

/* Begin PBXGroup section */
		7DF9B7931D48D62700A7CECD = {
			isa = PBXGroup;
			children = (
				7DF9B79E1D48D62700A7CECD /* runtimeDemo */,
				7DF9B79D1D48D62700A7CECD /* Products */,
			);
			sourceTree = "<group>";
		};
		7DF9B79D1D48D62700A7CECD /* Products */ = {
			isa = PBXGroup;
			children = (
				7DF9B79C1D48D62700A7CECD /* runtimeDemo.app */,
			);
			name = Products;
			sourceTree = "<group>";
		};
		7DF9B79E1D48D62700A7CECD /* runtimeDemo */ = {
			isa = PBXGroup;
			children = (
				7DF9B7B61D48D63E00A7CECD /* Demos */,
				7DF9B7A21D48D62700A7CECD /* AppDelegate.h */,
				7DF9B7A31D48D62700A7CECD /* AppDelegate.m */,
				7DF9B7A51D48D62700A7CECD /* ViewController.h */,
				7DF9B7A61D48D62700A7CECD /* ViewController.m */,
				7DF9B7A81D48D62700A7CECD /* Main.storyboard */,
				7DF9B7AB1D48D62800A7CECD /* Assets.xcassets */,
				7DF9B7AD1D48D62800A7CECD /* LaunchScreen.storyboard */,
				7DF9B7B01D48D62800A7CECD /* Info.plist */,
				7DF9B79F1D48D62700A7CECD /* Supporting Files */,
			);
			path = runtimeDemo;
			sourceTree = "<group>";
		};
		7DF9B79F1D48D62700A7CECD /* Supporting Files */ = {
			isa = PBXGroup;
			children = (
				7DF9B7A01D48D62700A7CECD /* main.m */,
			);
			name = "Supporting Files";
			sourceTree = "<group>";
		};
		7DF9B7B61D48D63E00A7CECD /* Demos */ = {
			isa = PBXGroup;
			children = (
				7DF9B7BD1D48D6A000A7CECD /* MsgSend.h */,
				7DF9B7BE1D48D6A000A7CECD /* MsgSend.m */,
				7DF9B7BF1D48D6A000A7CECD /* UIImage+extension.h */,
				7DF9B7C01D48D6A000A7CECD /* UIImage+extension.m */,
				7DF9B7B71D48D68500A7CECD /* Person.h */,
				7DF9B7B81D48D68500A7CECD /* Person.m */,
				7DF9B7B91D48D68500A7CECD /* Student.h */,
				7DF9B7BA1D48D68500A7CECD /* Student.m */,
				7DF9B7C31D48EA1F00A7CECD /* NSObject+extension.h */,
				7DF9B7C41D48EA1F00A7CECD /* NSObject+extension.m */,
			);
			path = Demos;
			sourceTree = "<group>";
		};
/* End PBXGroup section */

/* Begin PBXNativeTarget section */
		7DF9B79B1D48D62700A7CECD /* runtimeDemo */ = {
			isa = PBXNativeTarget;
			buildConfigurationList = 7DF9B7B31D48D62800A7CECD /* Build configuration list for PBXNativeTarget "runtimeDemo" */;
			buildPhases = (
				7DF9B7981D48D62700A7CECD /* Sources */,
				7DF9B7991D48D62700A7CECD /* Frameworks */,
				7DF9B79A1D48D62700A7CECD /* Resources */,
			);
			buildRules = (
			);
			dependencies = (
			);
			name = runtimeDemo;
			productName = runtimeDemo;
			productReference = 7DF9B79C1D48D62700A7CECD /* runtimeDemo.app */;
			productType = "com.apple.product-type.application";
		};
/* End PBXNativeTarget section */

/* Begin PBXProject section */
		7DF9B7941D48D62700A7CECD /* Project object */ = {
			isa = PBXProject;
			attributes = {
				LastUpgradeCheck = 0730;
				ORGANIZATIONNAME = fanstudio;
				TargetAttributes = {
					7DF9B79B1D48D62700A7CECD = {
						CreatedOnToolsVersion = 7.3.1;
					};
				};
			};
			buildConfigurationList = 7DF9B7971D48D62700A7CECD /* Build configuration list for PBXProject "runtimeDemo" */;
			compatibilityVersion = "Xcode 3.2";
			developmentRegion = English;
			hasScannedForEncodings = 0;
			knownRegions = (
				en,
				Base,
			);
			mainGroup = 7DF9B7931D48D62700A7CECD;
			productRefGroup = 7DF9B79D1D48D62700A7CECD /* Products */;
			projectDirPath = "";
			projectRoot = "";
			targets = (
				7DF9B79B1D48D62700A7CECD /* runtimeDemo */,
			);
		};
/* End PBXProject section */

/* Begin PBXResourcesBuildPhase section */
		7DF9B79A1D48D62700A7CECD /* Resources */ = {
			isa = PBXResourcesBuildPhase;
			buildActionMask = 2147483647;
			files = (
				7DF9B7AF1D48D62800A7CECD /* LaunchScreen.storyboard in Resources */,
				7DF9B7AC1D48D62800A7CECD /* Assets.xcassets in Resources */,
				7DF9B7AA1D48D62700A7CECD /* Main.storyboard in Resources */,
			);
			runOnlyForDeploymentPostprocessing = 0;
		};
/* End PBXResourcesBuildPhase section */

/* Begin PBXSourcesBuildPhase section */
		7DF9B7981D48D62700A7CECD /* Sources */ = {
			isa = PBXSourcesBuildPhase;
			buildActionMask = 2147483647;
			files = (
				7DF9B7C21D48D6A000A7CECD /* UIImage+extension.m in Sources */,
				7DF9B7A71D48D62700A7CECD /* ViewController.m in Sources */,
				7DF9B7A41D48D62700A7CECD /* AppDelegate.m in Sources */,
				7DF9B7BC1D48D68500A7CECD /* Student.m in Sources */,
				7DF9B7C11D48D6A000A7CECD /* MsgSend.m in Sources */,
				7DF9B7BB1D48D68500A7CECD /* Person.m in Sources */,
				7DF9B7A11D48D62700A7CECD /* main.m in Sources */,
				7DF9B7C51D48EA1F00A7CECD /* NSObject+extension.m in Sources */,
			);
			runOnlyForDeploymentPostprocessing = 0;
		};
/* End PBXSourcesBuildPhase section */

/* Begin PBXVariantGroup section */
		7DF9B7A81D48D62700A7CECD /* Main.storyboard */ = {
			isa = PBXVariantGroup;
			children = (
				7DF9B7A91D48D62700A7CECD /* Base */,
			);
			name = Main.storyboard;
			sourceTree = "<group>";
		};
		7DF9B7AD1D48D62800A7CECD /* LaunchScreen.storyboard */ = {
			isa = PBXVariantGroup;
			children = (
				7DF9B7AE1D48D62800A7CECD /* Base */,
			);
			name = LaunchScreen.storyboard;
			sourceTree = "<group>";
		};
/* End PBXVariantGroup section */

/* Begin XCBuildConfiguration section */
		7DF9B7B11D48D62800A7CECD /* Debug */ = {
			isa = XCBuildConfiguration;
			buildSettings = {
				ALWAYS_SEARCH_USER_PATHS = NO;
				CLANG_ANALYZER_NONNULL = YES;
				CLANG_CXX_LANGUAGE_STANDARD = "gnu++0x";
				CLANG_CXX_LIBRARY = "libc++";
				CLANG_ENABLE_MODULES = YES;
				CLANG_ENABLE_OBJC_ARC = YES;
				CLANG_WARN_BOOL_CONVERSION = YES;
				CLANG_WARN_CONSTANT_CONVERSION = YES;
				CLANG_WARN_DIRECT_OBJC_ISA_USAGE = YES_ERROR;
				CLANG_WARN_EMPTY_BODY = YES;
				CLANG_WARN_ENUM_CONVERSION = YES;
				CLANG_WARN_INT_CONVERSION = YES;
				CLANG_WARN_OBJC_ROOT_CLASS = YES_ERROR;
				CLANG_WARN_UNREACHABLE_CODE = YES;
				CLANG_WARN__DUPLICATE_METHOD_MATCH = YES;
				"CODE_SIGN_IDENTITY[sdk=iphoneos*]" = "iPhone Developer";
				COPY_PHASE_STRIP = NO;
				DEBUG_INFORMATION_FORMAT = dwarf;
				ENABLE_STRICT_OBJC_MSGSEND = YES;
				ENABLE_TESTABILITY = YES;
				GCC_C_LANGUAGE_STANDARD = gnu99;
				GCC_DYNAMIC_NO_PIC = NO;
				GCC_NO_COMMON_BLOCKS = YES;
				GCC_OPTIMIZATION_LEVEL = 0;
				GCC_PREPROCESSOR_DEFINITIONS = (
					"DEBUG=1",
					"$(inherited)",
				);
				GCC_WARN_64_TO_32_BIT_CONVERSION = YES;
				GCC_WARN_ABOUT_RETURN_TYPE = YES_ERROR;
				GCC_WARN_UNDECLARED_SELECTOR = YES;
				GCC_WARN_UNINITIALIZED_AUTOS = YES_AGGRESSIVE;
				GCC_WARN_UNUSED_FUNCTION = YES;
				GCC_WARN_UNUSED_VARIABLE = YES;
				IPHONEOS_DEPLOYMENT_TARGET = 9.3;
				MTL_ENABLE_DEBUG_INFO = YES;
				ONLY_ACTIVE_ARCH = YES;
				SDKROOT = iphoneos;
			};
			name = Debug;
		};
		7DF9B7B21D48D62800A7CECD /* Release */ = {
			isa = XCBuildConfiguration;
			buildSettings = {
				ALWAYS_SEARCH_USER_PATHS = NO;
				CLANG_ANALYZER_NONNULL = YES;
				CLANG_CXX_LANGUAGE_STANDARD = "gnu++0x";
				CLANG_CXX_LIBRARY = "libc++";
				CLANG_ENABLE_MODULES = YES;
				CLANG_ENABLE_OBJC_ARC = YES;
				CLANG_WARN_BOOL_CONVERSION = YES;
				CLANG_WARN_CONSTANT_CONVERSION = YES;
				CLANG_WARN_DIRECT_OBJC_ISA_USAGE = YES_ERROR;
				CLANG_WARN_EMPTY_BODY = YES;
				CLANG_WARN_ENUM_CONVERSION = YES;
				CLANG_WARN_INT_CONVERSION = YES;
				CLANG_WARN_OBJC_ROOT_CLASS = YES_ERROR;
				CLANG_WARN_UNREACHABLE_CODE = YES;
				CLANG_WARN__DUPLICATE_METHOD_MATCH = YES;
				"CODE_SIGN_IDENTITY[sdk=iphoneos*]" = "iPhone Developer";
				COPY_PHASE_STRIP = NO;
				DEBUG_INFORMATION_FORMAT = "dwarf-with-dsym";
				ENABLE_NS_ASSERTIONS = NO;
				ENABLE_STRICT_OBJC_MSGSEND = YES;
				GCC_C_LANGUAGE_STANDARD = gnu99;
				GCC_NO_COMMON_BLOCKS = YES;
				GCC_WARN_64_TO_32_BIT_CONVERSION = YES;
				GCC_WARN_ABOUT_RETURN_TYPE = YES_ERROR;
				GCC_WARN_UNDECLARED_SELECTOR = YES;
				GCC_WARN_UNINITIALIZED_AUTOS = YES_AGGRESSIVE;
				GCC_WARN_UNUSED_FUNCTION = YES;
				GCC_WARN_UNUSED_VARIABLE = YES;
				IPHONEOS_DEPLOYMENT_TARGET = 9.3;
				MTL_ENABLE_DEBUG_INFO = NO;
				SDKROOT = iphoneos;
				VALIDATE_PRODUCT = YES;
			};
			name = Release;
		};
		7DF9B7B41D48D62800A7CECD /* Debug */ = {
			isa = XCBuildConfiguration;
			buildSettings = {
				ASSETCATALOG_COMPILER_APPICON_NAME = AppIcon;
				ENABLE_STRICT_OBJC_MSGSEND = NO;
				INFOPLIST_FILE = runtimeDemo/Info.plist;
				LD_RUNPATH_SEARCH_PATHS = "$(inherited) @executable_path/Frameworks";
				PRODUCT_BUNDLE_IDENTIFIER = cn.fanstudio.runtimeDemo;
				PRODUCT_NAME = "$(TARGET_NAME)";
			};
			name = Debug;
		};
		7DF9B7B51D48D62800A7CECD /* Release */ = {
			isa = XCBuildConfiguration;
			buildSettings = {
				ASSETCATALOG_COMPILER_APPICON_NAME = AppIcon;
				ENABLE_STRICT_OBJC_MSGSEND = NO;
				INFOPLIST_FILE = runtimeDemo/Info.plist;
				LD_RUNPATH_SEARCH_PATHS = "$(inherited) @executable_path/Frameworks";
				PRODUCT_BUNDLE_IDENTIFIER = cn.fanstudio.runtimeDemo;
				PRODUCT_NAME = "$(TARGET_NAME)";
			};
			name = Release;
		};
/* End XCBuildConfiguration section */

/* Begin XCConfigurationList section */
		7DF9B7971D48D62700A7CECD /* Build configuration list for PBXProject "runtimeDemo" */ = {
			isa = XCConfigurationList;
			buildConfigurations = (
				7DF9B7B11D48D62800A7CECD /* Debug */,
				7DF9B7B21D48D62800A7CECD /* Release */,
			);
			defaultConfigurationIsVisible = 0;
			defaultConfigurationName = Release;
		};
		7DF9B7B31D48D62800A7CECD /* Build configuration list for PBXNativeTarget "runtimeDemo" */ = {
			isa = XCConfigurationList;
			buildConfigurations = (
				7DF9B7B41D48D62800A7CECD /* Debug */,
				7DF9B7B51D48D62800A7CECD /* Release */,
			);
			defaultConfigurationIsVisible = 0;
			defaultConfigurationName = Release;
		};
/* End XCConfigurationList section */
	};
	rootObject = 7DF9B7941D48D62700A7CECD /* Project object */;
}
